
Microsoft Visual Studio Solution File, Format Version 12.00
# Visual Studio Version 16
VisualStudioVersion = 16.0.29326.143
MinimumVisualStudioVersion = 10.0.40219.1
Project("{FAE04EC0-301F-11D3-BF4B-00C04F79EFBC}") = "week1_BuzzGame", "MathFloor_BAI\week1_BuzzGame.csproj", "{CCD32B84-8AB1-48C4-8956-2C4192E6158B}"
EndProject
Project("{FAE04EC0-301F-11D3-BF4B-00C04F79EFBC}") = "week2_integerArray60", "week2_integerArray60\week2_integerArray60.csproj", "{40FE8659-7FEB-4908-8FD4-8EFA2EB9311F}"
EndProject
Project("{9A19103F-16F7-4668-BE54-9A1E7A4F7556}") = "week4_Logica", "week4_Logica\week4_Logica.csproj", "{118CB8E9-A03B-4753-A522-89B2A086DEAC}"
EndProject
Project("{FAE04EC0-301F-11D3-BF4B-00C04F79EFBC}") = "HelpNemoWithMath", "HelpNemoWithMath\HelpNemoWithMath.csproj", "{175BC95A-6CAE-4E34-9176-B1E8F64931D8}"
EndProject
Global
	GlobalSection(SolutionConfigurationPlatforms) = preSolution
		Debug|Any CPU = Debug|Any CPU
		Release|Any CPU = Release|Any CPU
	EndGlobalSection
	GlobalSection(ProjectConfigurationPlatforms) = postSolution
		{CCD32B84-8AB1-48C4-8956-2C4192E6158B}.Debug|Any CPU.ActiveCfg = Debug|Any CPU
		{CCD32B84-8AB1-48C4-8956-2C4192E6158B}.Debug|Any CPU.Build.0 = Debug|Any CPU
		{CCD32B84-8AB1-48C4-8956-2C4192E6158B}.Release|Any CPU.ActiveCfg = Release|Any CPU
		{CCD32B84-8AB1-48C4-8956-2C4192E6158B}.Release|Any CPU.Build.0 = Release|Any CPU
		{40FE8659-7FEB-4908-8FD4-8EFA2EB9311F}.Debug|Any CPU.ActiveCfg = Debug|Any CPU
		{40FE8659-7FEB-4908-8FD4-8EFA2EB9311F}.Debug|Any CPU.Build.0 = Debug|Any CPU
		{40FE8659-7FEB-4908-8FD4-8EFA2EB9311F}.Release|Any CPU.ActiveCfg = Release|Any CPU
		{40FE8659-7FEB-4908-8FD4-8EFA2EB9311F}.Release|Any CPU.Build.0 = Release|Any CPU
		{118CB8E9-A03B-4753-A522-89B2A086DEAC}.Debug|Any CPU.ActiveCfg = Debug|Any CPU
		{118CB8E9-A03B-4753-A522-89B2A086DEAC}.Debug|Any CPU.Build.0 = Debug|Any CPU
		{118CB8E9-A03B-4753-A522-89B2A086DEAC}.Release|Any CPU.ActiveCfg = Release|Any CPU
		{118CB8E9-A03B-4753-A522-89B2A086DEAC}.Release|Any CPU.Build.0 = Release|Any CPU
		{175BC95A-6CAE-4E34-9176-B1E8F64931D8}.Debug|Any CPU.ActiveCfg = Debug|Any CPU
		{175BC95A-6CAE-4E34-9176-B1E8F64931D8}.Debug|Any CPU.Build.0 = Debug|Any CPU
		{175BC95A-6CAE-4E34-9176-B1E8F64931D8}.Release|Any CPU.ActiveCfg = Release|Any CPU
		{175BC95A-6CAE-4E34-9176-B1E8F64931D8}.Release|Any CPU.Build.0 = Release|Any CPU
	EndGlobalSection
	GlobalSection(SolutionProperties) = preSolution
		HideSolutionNode = FALSE
	EndGlobalSection
	GlobalSection(ExtensibilityGlobals) = postSolution
		SolutionGuid = {76BA27BD-ABFE-4472-8C21-D4040D51C2F4}
	EndGlobalSection
EndGlobal
